
Microsoft Visual Studio Solution File, Format Version 12.00
# Visual Studio 15
VisualStudioVersion = 15.0.26430.13
MinimumVisualStudioVersion = 10.0.40219.1
Project("{FAE04EC0-301F-11D3-BF4B-00C04F79EFBC}") = "gcd", "gcd\gcd.csproj", "{BDA40470-2282-46BA-820F-FE83DD0F6C53}"
EndProject
Project("{FAE04EC0-301F-11D3-BF4B-00C04F79EFBC}") = "gcdTest", "gcdTest\gcdTest.csproj", "{72A5B3CF-4A06-4A9B-85B5-7BCC4AB7737E}"
EndProject
Global
	GlobalSection(SolutionConfigurationPlatforms) = preSolution
		Debug|Any CPU = Debug|Any CPU
		Release|Any CPU = Release|Any CPU
	EndGlobalSection
	GlobalSection(ProjectConfigurationPlatforms) = postSolution
		{BDA40470-2282-46BA-820F-FE83DD0F6C53}.Debug|Any CPU.ActiveCfg = Debug|Any CPU
		{BDA40470-2282-46BA-820F-FE83DD0F6C53}.Debug|Any CPU.Build.0 = Debug|Any CPU
		{BDA40470-2282-46BA-820F-FE83DD0F6C53}.Release|Any CPU.ActiveCfg = Release|Any CPU
		{BDA40470-2282-46BA-820F-FE83DD0F6C53}.Release|Any CPU.Build.0 = Release|Any CPU
		{72A5B3CF-4A06-4A9B-85B5-7BCC4AB7737E}.Debug|Any CPU.ActiveCfg = Debug|Any CPU
		{72A5B3CF-4A06-4A9B-85B5-7BCC4AB7737E}.Debug|Any CPU.Build.0 = Debug|Any CPU
		{72A5B3CF-4A06-4A9B-85B5-7BCC4AB7737E}.Release|Any CPU.ActiveCfg = Release|Any CPU
		{72A5B3CF-4A06-4A9B-85B5-7BCC4AB7737E}.Release|Any CPU.Build.0 = Release|Any CPU
	EndGlobalSection
	GlobalSection(SolutionProperties) = preSolution
		HideSolutionNode = FALSE
	EndGlobalSection
EndGlobal
